
Microsoft Visual Studio Solution File, Format Version 12.00
# Visual Studio Version 17
VisualStudioVersion = 17.7.34024.191
MinimumVisualStudioVersion = 10.0.40219.1
Project("{FAE04EC0-301F-11D3-BF4B-00C04F79EFBC}") = "игры", "игры\игры.csproj", "{87FF16AD-864B-4B9E-B7C6-313DF28E0CEB}"
EndProject
Global
	GlobalSection(SolutionConfigurationPlatforms) = preSolution
		Debug|Any CPU = Debug|Any CPU
		Release|Any CPU = Release|Any CPU
	EndGlobalSection
	GlobalSection(ProjectConfigurationPlatforms) = postSolution
		{87FF16AD-864B-4B9E-B7C6-313DF28E0CEB}.Debug|Any CPU.ActiveCfg = Debug|Any CPU
		{87FF16AD-864B-4B9E-B7C6-313DF28E0CEB}.Debug|Any CPU.Build.0 = Debug|Any CPU
		{87FF16AD-864B-4B9E-B7C6-313DF28E0CEB}.Release|Any CPU.ActiveCfg = Release|Any CPU
		{87FF16AD-864B-4B9E-B7C6-313DF28E0CEB}.Release|Any CPU.Build.0 = Release|Any CPU
	EndGlobalSection
	GlobalSection(SolutionProperties) = preSolution
		HideSolutionNode = FALSE
	EndGlobalSection
	GlobalSection(ExtensibilityGlobals) = postSolution
		SolutionGuid = {BF144B5D-4FB0-4C8C-861E-6617448DEDD0}
	EndGlobalSection
EndGlobal
